// !$*UTF8*$!
{
	archiveVersion = 1;
	classes = {
	};
	objectVersion = 52;
	objects = {

/* Begin PBXBuildFile section */
		68F26DAB1E9C4E1702671E13 /* libPods-MyKTGG.a in Frameworks */ = {isa = PBXBuildFile; fileRef = 4C68888004CEB98637537E17 /* libPods-MyKTGG.a */; };
		6E0679942443625B001FAE67 /* NewsCell.swift in Sources */ = {isa = PBXBuildFile; fileRef = 6E0679932443625B001FAE67 /* NewsCell.swift */; };
		6E067996244362E8001FAE67 /* NewsTableViewController.swift in Sources */ = {isa = PBXBuildFile; fileRef = 6E067995244362E8001FAE67 /* NewsTableViewController.swift */; };
		6E06799824436565001FAE67 /* NewsModel.swift in Sources */ = {isa = PBXBuildFile; fileRef = 6E06799724436565001FAE67 /* NewsModel.swift */; };
		6E3633312447602300918364 /* SettingsViewController.swift in Sources */ = {isa = PBXBuildFile; fileRef = 6E3633302447602300918364 /* SettingsViewController.swift */; };
		6E363334244A474700918364 /* NewsWebView.swift in Sources */ = {isa = PBXBuildFile; fileRef = 6E363333244A474700918364 /* NewsWebView.swift */; };
		6E76256E2403F6C100C68C7F /* AppDelegate.swift in Sources */ = {isa = PBXBuildFile; fileRef = 6E76256D2403F6C100C68C7F /* AppDelegate.swift */; };
		6E7625702403F6C100C68C7F /* SceneDelegate.swift in Sources */ = {isa = PBXBuildFile; fileRef = 6E76256F2403F6C100C68C7F /* SceneDelegate.swift */; };
		6E7625722403F6C100C68C7F /* MainViewController.swift in Sources */ = {isa = PBXBuildFile; fileRef = 6E7625712403F6C100C68C7F /* MainViewController.swift */; };
		6E7625772403F6C200C68C7F /* Assets.xcassets in Resources */ = {isa = PBXBuildFile; fileRef = 6E7625762403F6C200C68C7F /* Assets.xcassets */; };
		6E76257A2403F6C200C68C7F /* LaunchScreen.storyboard in Resources */ = {isa = PBXBuildFile; fileRef = 6E7625782403F6C200C68C7F /* LaunchScreen.storyboard */; };
		6E7625892403F87F00C68C7F /* ForgotPassViewController.swift in Sources */ = {isa = PBXBuildFile; fileRef = 6E7625822403F87F00C68C7F /* ForgotPassViewController.swift */; };
		6E76258C2403F87F00C68C7F /* GoogleService-Info.plist in Resources */ = {isa = PBXBuildFile; fileRef = 6E7625852403F87F00C68C7F /* GoogleService-Info.plist */; };
		6E76258E2403F87F00C68C7F /* AuthViewController.swift in Sources */ = {isa = PBXBuildFile; fileRef = 6E7625872403F87F00C68C7F /* AuthViewController.swift */; };
		6E7CACB5240BC68E009C8B5F /* GroupChooseViewController.swift in Sources */ = {isa = PBXBuildFile; fileRef = 6E7CACB4240BC68E009C8B5F /* GroupChooseViewController.swift */; };
		6E8D587F24605BAE00384ADC /* SourceSansPro-Regular.ttf in Resources */ = {isa = PBXBuildFile; fileRef = 6E8D587924605BAE00384ADC /* SourceSansPro-Regular.ttf */; };
		6E8D588024605BAE00384ADC /* SourceSansPro-Bold.ttf in Resources */ = {isa = PBXBuildFile; fileRef = 6E8D587A24605BAE00384ADC /* SourceSansPro-Bold.ttf */; };
		6E8D588124605BAE00384ADC /* SourceSansPro-Light.ttf in Resources */ = {isa = PBXBuildFile; fileRef = 6E8D587B24605BAE00384ADC /* SourceSansPro-Light.ttf */; };
		6E8D588224605BAE00384ADC /* SourceSansPro-Black.ttf in Resources */ = {isa = PBXBuildFile; fileRef = 6E8D587C24605BAE00384ADC /* SourceSansPro-Black.ttf */; };
		6E8D588324605BAE00384ADC /* SourceSansPro-ExtraLight.ttf in Resources */ = {isa = PBXBuildFile; fileRef = 6E8D587D24605BAE00384ADC /* SourceSansPro-ExtraLight.ttf */; };
		6E8D588424605BAE00384ADC /* SourceSansPro-SemiBold.ttf in Resources */ = {isa = PBXBuildFile; fileRef = 6E8D587E24605BAE00384ADC /* SourceSansPro-SemiBold.ttf */; };
		6E8D58862460643A00384ADC /* TimeTableCell.swift in Sources */ = {isa = PBXBuildFile; fileRef = 6E8D58852460643A00384ADC /* TimeTableCell.swift */; };
		6E8D5888246074F100384ADC /* TimeTableModel.swift in Sources */ = {isa = PBXBuildFile; fileRef = 6E8D5887246074F100384ADC /* TimeTableModel.swift */; };
		6E8D588A2460750200384ADC /* ChangeModel.swift in Sources */ = {isa = PBXBuildFile; fileRef = 6E8D58892460750200384ADC /* ChangeModel.swift */; };
		6EABD26A2464C9CE009CE27F /* Defaults.swift in Sources */ = {isa = PBXBuildFile; fileRef = 6EABD2692464C9CE009CE27F /* Defaults.swift */; };
		6EABD26C2464D142009CE27F /* UserEditorTableViewController.swift in Sources */ = {isa = PBXBuildFile; fileRef = 6EABD26B2464D142009CE27F /* UserEditorTableViewController.swift */; };
		6EABD26E2464E78D009CE27F /* AvatarMethods.swift in Sources */ = {isa = PBXBuildFile; fileRef = 6EABD26D2464E78D009CE27F /* AvatarMethods.swift */; };
		6EB7A4F7245F5657004EF027 /* FacebookCore in Frameworks */ = {isa = PBXBuildFile; productRef = 6EB7A4F6245F5657004EF027 /* FacebookCore */; };
		6EB7A4F9245F5657004EF027 /* FacebookLogin in Frameworks */ = {isa = PBXBuildFile; productRef = 6EB7A4F8245F5657004EF027 /* FacebookLogin */; };
		6EB7A511245F66EA004EF027 /* DateViewCell.swift in Sources */ = {isa = PBXBuildFile; fileRef = 6EB7A4FD245F66EA004EF027 /* DateViewCell.swift */; };
		6EB7A514245F66EA004EF027 /* DateViewCell.xib in Resources */ = {isa = PBXBuildFile; fileRef = 6EB7A500245F66EA004EF027 /* DateViewCell.xib */; };
		6EB7A515245F66EA004EF027 /* .gitkeep in Resources */ = {isa = PBXBuildFile; fileRef = 6EB7A501245F66EA004EF027 /* .gitkeep */; };
		6EB7A516245F66EA004EF027 /* DateScrollItem.swift in Sources */ = {isa = PBXBuildFile; fileRef = 6EB7A502245F66EA004EF027 /* DateScrollItem.swift */; };
		6EB7A517245F66EA004EF027 /* Date+Format.swift in Sources */ = {isa = PBXBuildFile; fileRef = 6EB7A504245F66EA004EF027 /* Date+Format.swift */; };
		6EB7A518245F66EA004EF027 /* UICollectionView+Fade.swift in Sources */ = {isa = PBXBuildFile; fileRef = 6EB7A505245F66EA004EF027 /* UICollectionView+Fade.swift */; };
		6EB7A519245F66EA004EF027 /* Date+Days.swift in Sources */ = {isa = PBXBuildFile; fileRef = 6EB7A506245F66EA004EF027 /* Date+Days.swift */; };
		6EB7A51A245F66EA004EF027 /* UIView+Nib.swift in Sources */ = {isa = PBXBuildFile; fileRef = 6EB7A507245F66EA004EF027 /* UIView+Nib.swift */; };
		6EB7A51B245F66EA004EF027 /* UICollectionViewCell+Fade.swift in Sources */ = {isa = PBXBuildFile; fileRef = 6EB7A508245F66EA004EF027 /* UICollectionViewCell+Fade.swift */; };
		6EB7A51C245F66EA004EF027 /* DateScrollManager.swift in Sources */ = {isa = PBXBuildFile; fileRef = 6EB7A509245F66EA004EF027 /* DateScrollManager.swift */; };
		6EB7A51D245F66EA004EF027 /* DateScrollPicker.swift in Sources */ = {isa = PBXBuildFile; fileRef = 6EB7A50A245F66EA004EF027 /* DateScrollPicker.swift */; };
		6EB7A51E245F66EA004EF027 /* DateInsertType.swift in Sources */ = {isa = PBXBuildFile; fileRef = 6EB7A50B245F66EA004EF027 /* DateInsertType.swift */; };
		6EB7A51F245F66EA004EF027 /* DateScrollPickerFormat.swift in Sources */ = {isa = PBXBuildFile; fileRef = 6EB7A50C245F66EA004EF027 /* DateScrollPickerFormat.swift */; };
		6EB7A520245F66EA004EF027 /* DateScrollPicker+Protocols.swift in Sources */ = {isa = PBXBuildFile; fileRef = 6EB7A50D245F66EA004EF027 /* DateScrollPicker+Protocols.swift */; };
		6EB7A521245F66EA004EF027 /* DateScrollPicker.xib in Resources */ = {isa = PBXBuildFile; fileRef = 6EB7A50E245F66EA004EF027 /* DateScrollPicker.xib */; };
		6EC74D52241306B6005DA42B /* MapKit.framework in Frameworks */ = {isa = PBXBuildFile; fileRef = 6EC74D51241306B6005DA42B /* MapKit.framework */; };
		6ECC5AEA243E3728006E456A /* Main.storyboard in Resources */ = {isa = PBXBuildFile; fileRef = 6ECC5AE9243E3728006E456A /* Main.storyboard */; };
		6ED9F420245C401100417F69 /* TimeTableViewController.swift in Sources */ = {isa = PBXBuildFile; fileRef = 6ED9F41F245C401100417F69 /* TimeTableViewController.swift */; };
		6EE352532444CC68001C434F /* PickedPull.storyboard in Resources */ = {isa = PBXBuildFile; fileRef = 6EE352452444CC67001C434F /* PickedPull.storyboard */; };
		6EE352562444CFCB001C434F /* PickedPullUpViewController.swift in Sources */ = {isa = PBXBuildFile; fileRef = 6EE352552444CFCB001C434F /* PickedPullUpViewController.swift */; };
/* End PBXBuildFile section */

/* Begin PBXFileReference section */
		4C68888004CEB98637537E17 /* libPods-MyKTGG.a */ = {isa = PBXFileReference; explicitFileType = archive.ar; includeInIndex = 0; path = "libPods-MyKTGG.a"; sourceTree = BUILT_PRODUCTS_DIR; };
		5CCBD5B577F97DDB9C1A7E58 /* Pods-MyKTGG.debug.xcconfig */ = {isa = PBXFileReference; includeInIndex = 1; lastKnownFileType = text.xcconfig; name = "Pods-MyKTGG.debug.xcconfig"; path = "Target Support Files/Pods-MyKTGG/Pods-MyKTGG.debug.xcconfig"; sourceTree = "<group>"; };
		6E0679932443625B001FAE67 /* NewsCell.swift */ = {isa = PBXFileReference; lastKnownFileType = sourcecode.swift; path = NewsCell.swift; sourceTree = "<group>"; };
		6E067995244362E8001FAE67 /* NewsTableViewController.swift */ = {isa = PBXFileReference; lastKnownFileType = sourcecode.swift; path = NewsTableViewController.swift; sourceTree = "<group>"; };
		6E06799724436565001FAE67 /* NewsModel.swift */ = {isa = PBXFileReference; lastKnownFileType = sourcecode.swift; path = NewsModel.swift; sourceTree = "<group>"; };
		6E3633302447602300918364 /* SettingsViewController.swift */ = {isa = PBXFileReference; lastKnownFileType = sourcecode.swift; path = SettingsViewController.swift; sourceTree = "<group>"; };
		6E363333244A474700918364 /* NewsWebView.swift */ = {isa = PBXFileReference; lastKnownFileType = sourcecode.swift; path = NewsWebView.swift; sourceTree = "<group>"; };
		6E76256A2403F6C100C68C7F /* MyKTGG.app */ = {isa = PBXFileReference; explicitFileType = wrapper.application; includeInIndex = 0; path = MyKTGG.app; sourceTree = BUILT_PRODUCTS_DIR; };
		6E76256D2403F6C100C68C7F /* AppDelegate.swift */ = {isa = PBXFileReference; lastKnownFileType = sourcecode.swift; path = AppDelegate.swift; sourceTree = "<group>"; };
		6E76256F2403F6C100C68C7F /* SceneDelegate.swift */ = {isa = PBXFileReference; lastKnownFileType = sourcecode.swift; path = SceneDelegate.swift; sourceTree = "<group>"; };
		6E7625712403F6C100C68C7F /* MainViewController.swift */ = {isa = PBXFileReference; lastKnownFileType = sourcecode.swift; path = MainViewController.swift; sourceTree = "<group>"; };
		6E7625762403F6C200C68C7F /* Assets.xcassets */ = {isa = PBXFileReference; lastKnownFileType = folder.assetcatalog; path = Assets.xcassets; sourceTree = "<group>"; };
		6E7625792403F6C200C68C7F /* Base */ = {isa = PBXFileReference; lastKnownFileType = file.storyboard; name = Base; path = Base.lproj/LaunchScreen.storyboard; sourceTree = "<group>"; };
		6E76257B2403F6C200C68C7F /* Info.plist */ = {isa = PBXFileReference; lastKnownFileType = text.plist.xml; path = Info.plist; sourceTree = "<group>"; };
		6E7625822403F87F00C68C7F /* ForgotPassViewController.swift */ = {isa = PBXFileReference; fileEncoding = 4; lastKnownFileType = sourcecode.swift; path = ForgotPassViewController.swift; sourceTree = "<group>"; };
		6E7625852403F87F00C68C7F /* GoogleService-Info.plist */ = {isa = PBXFileReference; fileEncoding = 4; lastKnownFileType = text.plist.xml; path = "GoogleService-Info.plist"; sourceTree = "<group>"; };
		6E7625872403F87F00C68C7F /* AuthViewController.swift */ = {isa = PBXFileReference; fileEncoding = 4; lastKnownFileType = sourcecode.swift; path = AuthViewController.swift; sourceTree = "<group>"; };
		6E7CACB4240BC68E009C8B5F /* GroupChooseViewController.swift */ = {isa = PBXFileReference; lastKnownFileType = sourcecode.swift; path = GroupChooseViewController.swift; sourceTree = "<group>"; };
		6E8D587924605BAE00384ADC /* SourceSansPro-Regular.ttf */ = {isa = PBXFileReference; lastKnownFileType = file; path = "SourceSansPro-Regular.ttf"; sourceTree = "<group>"; };
		6E8D587A24605BAE00384ADC /* SourceSansPro-Bold.ttf */ = {isa = PBXFileReference; lastKnownFileType = file; path = "SourceSansPro-Bold.ttf"; sourceTree = "<group>"; };
		6E8D587B24605BAE00384ADC /* SourceSansPro-Light.ttf */ = {isa = PBXFileReference; lastKnownFileType = file; path = "SourceSansPro-Light.ttf"; sourceTree = "<group>"; };
		6E8D587C24605BAE00384ADC /* SourceSansPro-Black.ttf */ = {isa = PBXFileReference; lastKnownFileType = file; path = "SourceSansPro-Black.ttf"; sourceTree = "<group>"; };
		6E8D587D24605BAE00384ADC /* SourceSansPro-ExtraLight.ttf */ = {isa = PBXFileReference; lastKnownFileType = file; path = "SourceSansPro-ExtraLight.ttf"; sourceTree = "<group>"; };
		6E8D587E24605BAE00384ADC /* SourceSansPro-SemiBold.ttf */ = {isa = PBXFileReference; lastKnownFileType = file; path = "SourceSansPro-SemiBold.ttf"; sourceTree = "<group>"; };
		6E8D58852460643A00384ADC /* TimeTableCell.swift */ = {isa = PBXFileReference; lastKnownFileType = sourcecode.swift; path = TimeTableCell.swift; sourceTree = "<group>"; };
		6E8D5887246074F100384ADC /* TimeTableModel.swift */ = {isa = PBXFileReference; lastKnownFileType = sourcecode.swift; path = TimeTableModel.swift; sourceTree = "<group>"; };
		6E8D58892460750200384ADC /* ChangeModel.swift */ = {isa = PBXFileReference; lastKnownFileType = sourcecode.swift; path = ChangeModel.swift; sourceTree = "<group>"; };
		6EABD2692464C9CE009CE27F /* Defaults.swift */ = {isa = PBXFileReference; lastKnownFileType = sourcecode.swift; path = Defaults.swift; sourceTree = "<group>"; };
		6EABD26B2464D142009CE27F /* UserEditorTableViewController.swift */ = {isa = PBXFileReference; lastKnownFileType = sourcecode.swift; path = UserEditorTableViewController.swift; sourceTree = "<group>"; };
		6EABD26D2464E78D009CE27F /* AvatarMethods.swift */ = {isa = PBXFileReference; lastKnownFileType = sourcecode.swift; path = AvatarMethods.swift; sourceTree = "<group>"; };
		6EB7A4FD245F66EA004EF027 /* DateViewCell.swift */ = {isa = PBXFileReference; fileEncoding = 4; lastKnownFileType = sourcecode.swift; path = DateViewCell.swift; sourceTree = "<group>"; };
		6EB7A500245F66EA004EF027 /* DateViewCell.xib */ = {isa = PBXFileReference; fileEncoding = 4; lastKnownFileType = file.xib; path = DateViewCell.xib; sourceTree = "<group>"; };
		6EB7A501245F66EA004EF027 /* .gitkeep */ = {isa = PBXFileReference; fileEncoding = 4; lastKnownFileType = text; path = .gitkeep; sourceTree = "<group>"; };
		6EB7A502245F66EA004EF027 /* DateScrollItem.swift */ = {isa = PBXFileReference; fileEncoding = 4; lastKnownFileType = sourcecode.swift; path = DateScrollItem.swift; sourceTree = "<group>"; };
		6EB7A504245F66EA004EF027 /* Date+Format.swift */ = {isa = PBXFileReference; fileEncoding = 4; lastKnownFileType = sourcecode.swift; path = "Date+Format.swift"; sourceTree = "<group>"; };
		6EB7A505245F66EA004EF027 /* UICollectionView+Fade.swift */ = {isa = PBXFileReference; fileEncoding = 4; lastKnownFileType = sourcecode.swift; path = "UICollectionView+Fade.swift"; sourceTree = "<group>"; };
		6EB7A506245F66EA004EF027 /* Date+Days.swift */ = {isa = PBXFileReference; fileEncoding = 4; lastKnownFileType = sourcecode.swift; path = "Date+Days.swift"; sourceTree = "<group>"; };
		6EB7A507245F66EA004EF027 /* UIView+Nib.swift */ = {isa = PBXFileReference; fileEncoding = 4; lastKnownFileType = sourcecode.swift; path = "UIView+Nib.swift"; sourceTree = "<group>"; };
		6EB7A508245F66EA004EF027 /* UICollectionViewCell+Fade.swift */ = {isa = PBXFileReference; fileEncoding = 4; lastKnownFileType = sourcecode.swift; path = "UICollectionViewCell+Fade.swift"; sourceTree = "<group>"; };
		6EB7A509245F66EA004EF027 /* DateScrollManager.swift */ = {isa = PBXFileReference; fileEncoding = 4; lastKnownFileType = sourcecode.swift; path = DateScrollManager.swift; sourceTree = "<group>"; };
		6EB7A50A245F66EA004EF027 /* DateScrollPicker.swift */ = {isa = PBXFileReference; fileEncoding = 4; lastKnownFileType = sourcecode.swift; path = DateScrollPicker.swift; sourceTree = "<group>"; };
		6EB7A50B245F66EA004EF027 /* DateInsertType.swift */ = {isa = PBXFileReference; fileEncoding = 4; lastKnownFileType = sourcecode.swift; path = DateInsertType.swift; sourceTree = "<group>"; };
		6EB7A50C245F66EA004EF027 /* DateScrollPickerFormat.swift */ = {isa = PBXFileReference; fileEncoding = 4; lastKnownFileType = sourcecode.swift; path = DateScrollPickerFormat.swift; sourceTree = "<group>"; };
		6EB7A50D245F66EA004EF027 /* DateScrollPicker+Protocols.swift */ = {isa = PBXFileReference; fileEncoding = 4; lastKnownFileType = sourcecode.swift; path = "DateScrollPicker+Protocols.swift"; sourceTree = "<group>"; };
		6EB7A50E245F66EA004EF027 /* DateScrollPicker.xib */ = {isa = PBXFileReference; fileEncoding = 4; lastKnownFileType = file.xib; path = DateScrollPicker.xib; sourceTree = "<group>"; };
		6EC74D51241306B6005DA42B /* MapKit.framework */ = {isa = PBXFileReference; lastKnownFileType = wrapper.framework; name = MapKit.framework; path = System/Library/Frameworks/MapKit.framework; sourceTree = SDKROOT; };
		6ECC5AE9243E3728006E456A /* Main.storyboard */ = {isa = PBXFileReference; fileEncoding = 4; lastKnownFileType = file.storyboard; path = Main.storyboard; sourceTree = "<group>"; };
		6ED9F41F245C401100417F69 /* TimeTableViewController.swift */ = {isa = PBXFileReference; lastKnownFileType = sourcecode.swift; path = TimeTableViewController.swift; sourceTree = "<group>"; };
		6EE352452444CC67001C434F /* PickedPull.storyboard */ = {isa = PBXFileReference; fileEncoding = 4; lastKnownFileType = file.storyboard; path = PickedPull.storyboard; sourceTree = "<group>"; };
		6EE352552444CFCB001C434F /* PickedPullUpViewController.swift */ = {isa = PBXFileReference; fileEncoding = 4; lastKnownFileType = sourcecode.swift; path = PickedPullUpViewController.swift; sourceTree = "<group>"; };
		E2BEDDF09D0C4FE8D5903032 /* Pods-MyKTGG.release.xcconfig */ = {isa = PBXFileReference; includeInIndex = 1; lastKnownFileType = text.xcconfig; name = "Pods-MyKTGG.release.xcconfig"; path = "Target Support Files/Pods-MyKTGG/Pods-MyKTGG.release.xcconfig"; sourceTree = "<group>"; };
/* End PBXFileReference section */

/* Begin PBXFrameworksBuildPhase section */
		6E7625672403F6C100C68C7F /* Frameworks */ = {
			isa = PBXFrameworksBuildPhase;
			buildActionMask = 2147483647;
			files = (
				6EB7A4F9245F5657004EF027 /* FacebookLogin in Frameworks */,
				6EC74D52241306B6005DA42B /* MapKit.framework in Frameworks */,
				6EB7A4F7245F5657004EF027 /* FacebookCore in Frameworks */,
				68F26DAB1E9C4E1702671E13 /* libPods-MyKTGG.a in Frameworks */,
			);
			runOnlyForDeploymentPostprocessing = 0;
		};
/* End PBXFrameworksBuildPhase section */

/* Begin PBXGroup section */
		6E2549AC244464EE00E3D080 /* Model */ = {
			isa = PBXGroup;
			children = (
			);
			path = Model;
			sourceTree = "<group>";
		};
		6E3633322447604E00918364 /* Helpers */ = {
			isa = PBXGroup;
			children = (
				6E7625852403F87F00C68C7F /* GoogleService-Info.plist */,
				6E76257B2403F6C200C68C7F /* Info.plist */,
			);
			path = Helpers;
			sourceTree = "<group>";
		};
		6E3CD3A6245E37CA0028A340 /* Main */ = {
			isa = PBXGroup;
			children = (
				6EABD2642464ACF0009CE27F /* Controller */,
			);
			path = Main;
			sourceTree = "<group>";
		};
		6E3CD3A7245E37D50028A340 /* Auth */ = {
			isa = PBXGroup;
			children = (
				6EABD2632464ACE0009CE27F /* Controller */,
			);
			path = Auth;
			sourceTree = "<group>";
		};
		6E3CD3A8245E37DD0028A340 /* News */ = {
			isa = PBXGroup;
			children = (
				6EABD2612464AC6A009CE27F /* Model */,
				6EABD2602464AC39009CE27F /* View */,
				6EABD25F2464AC24009CE27F /* Controller */,
			);
			path = News;
			sourceTree = "<group>";
		};
		6E3CD3A9245E37EC0028A340 /* TimeTable */ = {
			isa = PBXGroup;
			children = (
				6EABD2622464AC75009CE27F /* Model */,
				6EABD25E2464AC17009CE27F /* Controller */,
			);
			path = TimeTable;
			sourceTree = "<group>";
		};
		6E3CD3AA245E37F70028A340 /* Settings */ = {
			isa = PBXGroup;
			children = (
				6EABD2682464C9AF009CE27F /* Defaults */,
				6EABD25D2464ABF0009CE27F /* Controller */,
			);
			path = Settings;
			sourceTree = "<group>";
		};
		6E7625612403F6C100C68C7F = {
			isa = PBXGroup;
			children = (
				6E76256C2403F6C100C68C7F /* MyKTGG */,
				6E76256B2403F6C100C68C7F /* Products */,
				89B4EDAB5647BAF5C4328B71 /* Frameworks */,
				B6A530832B848BE8FE46E078 /* Pods */,
			);
			sourceTree = "<group>";
		};
		6E76256B2403F6C100C68C7F /* Products */ = {
			isa = PBXGroup;
			children = (
				6E76256A2403F6C100C68C7F /* MyKTGG.app */,
			);
			name = Products;
			sourceTree = "<group>";
		};
		6E76256C2403F6C100C68C7F /* MyKTGG */ = {
			isa = PBXGroup;
			children = (
				6E3633322447604E00918364 /* Helpers */,
				6E7625912403F99E00C68C7F /* Assets */,
				6EB7A4FA245F66EA004EF027 /* DateScrollPicker */,
				6EE352572444D148001C434F /* Stork */,
				6EABD2592464AA73009CE27F /* Application */,
				6E2549AC244464EE00E3D080 /* Model */,
				6E3CD3AA245E37F70028A340 /* Settings */,
				6E3CD3A9245E37EC0028A340 /* TimeTable */,
				6E3CD3A8245E37DD0028A340 /* News */,
				6E3CD3A7245E37D50028A340 /* Auth */,
				6E3CD3A6245E37CA0028A340 /* Main */,
				6EB7A523245F7423004EF027 /* CommonView */,
			);
			path = MyKTGG;
			sourceTree = "<group>";
		};
		6E7625912403F99E00C68C7F /* Assets */ = {
			isa = PBXGroup;
			children = (
				6E8D587824605BAE00384ADC /* Source_Sans_Pro */,
				6E7625762403F6C200C68C7F /* Assets.xcassets */,
			);
			path = Assets;
			sourceTree = "<group>";
		};
		6E8D587824605BAE00384ADC /* Source_Sans_Pro */ = {
			isa = PBXGroup;
			children = (
				6E8D587924605BAE00384ADC /* SourceSansPro-Regular.ttf */,
				6E8D587A24605BAE00384ADC /* SourceSansPro-Bold.ttf */,
				6E8D587B24605BAE00384ADC /* SourceSansPro-Light.ttf */,
				6E8D587C24605BAE00384ADC /* SourceSansPro-Black.ttf */,
				6E8D587D24605BAE00384ADC /* SourceSansPro-ExtraLight.ttf */,
				6E8D587E24605BAE00384ADC /* SourceSansPro-SemiBold.ttf */,
			);
			path = Source_Sans_Pro;
			sourceTree = "<group>";
		};
		6EABD2592464AA73009CE27F /* Application */ = {
			isa = PBXGroup;
			children = (
				6EABD25C2464AA92009CE27F /* View */,
				6EABD25B2464AA86009CE27F /* Model */,
				6EABD25A2464AA7B009CE27F /* Controller */,
			);
			path = Application;
			sourceTree = "<group>";
		};
		6EABD25A2464AA7B009CE27F /* Controller */ = {
			isa = PBXGroup;
			children = (
				6E76256D2403F6C100C68C7F /* AppDelegate.swift */,
				6E76256F2403F6C100C68C7F /* SceneDelegate.swift */,
			);
			path = Controller;
			sourceTree = "<group>";
		};
		6EABD25B2464AA86009CE27F /* Model */ = {
			isa = PBXGroup;
			children = (
			);
			path = Model;
			sourceTree = "<group>";
		};
		6EABD25C2464AA92009CE27F /* View */ = {
			isa = PBXGroup;
			children = (
				6E7625782403F6C200C68C7F /* LaunchScreen.storyboard */,
			);
			path = View;
			sourceTree = "<group>";
		};
		6EABD25D2464ABF0009CE27F /* Controller */ = {
			isa = PBXGroup;
			children = (
				6E7CACB4240BC68E009C8B5F /* GroupChooseViewController.swift */,
				6E3633302447602300918364 /* SettingsViewController.swift */,
				6EABD26B2464D142009CE27F /* UserEditorTableViewController.swift */,
				6EABD26D2464E78D009CE27F /* AvatarMethods.swift */,
			);
			path = Controller;
			sourceTree = "<group>";
		};
		6EABD25E2464AC17009CE27F /* Controller */ = {
			isa = PBXGroup;
			children = (
				6ED9F41F245C401100417F69 /* TimeTableViewController.swift */,
				6E8D58852460643A00384ADC /* TimeTableCell.swift */,
			);
			path = Controller;
			sourceTree = "<group>";
		};
		6EABD25F2464AC24009CE27F /* Controller */ = {
			isa = PBXGroup;
			children = (
				6E067995244362E8001FAE67 /* NewsTableViewController.swift */,
				6E363333244A474700918364 /* NewsWebView.swift */,
			);
			path = Controller;
			sourceTree = "<group>";
		};
		6EABD2602464AC39009CE27F /* View */ = {
			isa = PBXGroup;
			children = (
				6E0679932443625B001FAE67 /* NewsCell.swift */,
			);
			path = View;
			sourceTree = "<group>";
		};
		6EABD2612464AC6A009CE27F /* Model */ = {
			isa = PBXGroup;
			children = (
				6E06799724436565001FAE67 /* NewsModel.swift */,
			);
			path = Model;
			sourceTree = "<group>";
		};
		6EABD2622464AC75009CE27F /* Model */ = {
			isa = PBXGroup;
			children = (
				6E8D5887246074F100384ADC /* TimeTableModel.swift */,
				6E8D58892460750200384ADC /* ChangeModel.swift */,
			);
			path = Model;
			sourceTree = "<group>";
		};
		6EABD2632464ACE0009CE27F /* Controller */ = {
			isa = PBXGroup;
			children = (
				6E7625872403F87F00C68C7F /* AuthViewController.swift */,
				6E7625822403F87F00C68C7F /* ForgotPassViewController.swift */,
			);
			path = Controller;
			sourceTree = "<group>";
		};
		6EABD2642464ACF0009CE27F /* Controller */ = {
			isa = PBXGroup;
			children = (
				6E7625712403F6C100C68C7F /* MainViewController.swift */,
			);
			path = Controller;
			sourceTree = "<group>";
		};
		6EABD2682464C9AF009CE27F /* Defaults */ = {
			isa = PBXGroup;
			children = (
				6EABD2692464C9CE009CE27F /* Defaults.swift */,
			);
			path = Defaults;
			sourceTree = "<group>";
		};
		6EB7A4FA245F66EA004EF027 /* DateScrollPicker */ = {
			isa = PBXGroup;
			children = (
				6EB7A4FB245F66EA004EF027 /* Classes */,
			);
			name = DateScrollPicker;
			path = "../../../Downloads/DateScrollPicker-master 2/DateScrollPicker";
			sourceTree = "<group>";
		};
		6EB7A4FB245F66EA004EF027 /* Classes */ = {
			isa = PBXGroup;
			children = (
				6EB7A4FC245F66EA004EF027 /* Cells */,
				6EB7A501245F66EA004EF027 /* .gitkeep */,
				6EB7A502245F66EA004EF027 /* DateScrollItem.swift */,
				6EB7A503245F66EA004EF027 /* Extensions */,
				6EB7A509245F66EA004EF027 /* DateScrollManager.swift */,
				6EB7A50A245F66EA004EF027 /* DateScrollPicker.swift */,
				6EB7A50B245F66EA004EF027 /* DateInsertType.swift */,
				6EB7A50C245F66EA004EF027 /* DateScrollPickerFormat.swift */,
				6EB7A50D245F66EA004EF027 /* DateScrollPicker+Protocols.swift */,
				6EB7A50E245F66EA004EF027 /* DateScrollPicker.xib */,
			);
			path = Classes;
			sourceTree = "<group>";
		};
		6EB7A4FC245F66EA004EF027 /* Cells */ = {
			isa = PBXGroup;
			children = (
				6EB7A4FD245F66EA004EF027 /* DateViewCell.swift */,
				6EB7A500245F66EA004EF027 /* DateViewCell.xib */,
			);
			path = Cells;
			sourceTree = "<group>";
		};
		6EB7A503245F66EA004EF027 /* Extensions */ = {
			isa = PBXGroup;
			children = (
				6EB7A504245F66EA004EF027 /* Date+Format.swift */,
				6EB7A505245F66EA004EF027 /* UICollectionView+Fade.swift */,
				6EB7A506245F66EA004EF027 /* Date+Days.swift */,
				6EB7A507245F66EA004EF027 /* UIView+Nib.swift */,
				6EB7A508245F66EA004EF027 /* UICollectionViewCell+Fade.swift */,
			);
			path = Extensions;
			sourceTree = "<group>";
		};
		6EB7A523245F7423004EF027 /* CommonView */ = {
			isa = PBXGroup;
			children = (
				6ECC5AE9243E3728006E456A /* Main.storyboard */,
			);
			path = CommonView;
			sourceTree = "<group>";
		};
		6EE352572444D148001C434F /* Stork */ = {
			isa = PBXGroup;
			children = (
				6EE352552444CFCB001C434F /* PickedPullUpViewController.swift */,
				6EE352452444CC67001C434F /* PickedPull.storyboard */,
			);
			path = Stork;
			sourceTree = "<group>";
		};
		89B4EDAB5647BAF5C4328B71 /* Frameworks */ = {
			isa = PBXGroup;
			children = (
				6EC74D51241306B6005DA42B /* MapKit.framework */,
				4C68888004CEB98637537E17 /* libPods-MyKTGG.a */,
			);
			name = Frameworks;
			sourceTree = "<group>";
		};
		B6A530832B848BE8FE46E078 /* Pods */ = {
			isa = PBXGroup;
			children = (
				5CCBD5B577F97DDB9C1A7E58 /* Pods-MyKTGG.debug.xcconfig */,
				E2BEDDF09D0C4FE8D5903032 /* Pods-MyKTGG.release.xcconfig */,
			);
			path = Pods;
			sourceTree = "<group>";
		};
/* End PBXGroup section */

/* Begin PBXNativeTarget section */
		6E7625692403F6C100C68C7F /* MyKTGG */ = {
			isa = PBXNativeTarget;
			buildConfigurationList = 6E76257E2403F6C200C68C7F /* Build configuration list for PBXNativeTarget "MyKTGG" */;
			buildPhases = (
				38BFB31FDAB52B426861A87A /* [CP] Check Pods Manifest.lock */,
				6E7625662403F6C100C68C7F /* Sources */,
				6E7625672403F6C100C68C7F /* Frameworks */,
				6E7625682403F6C100C68C7F /* Resources */,
				E1195E92399AF3535BF0430F /* [CP] Copy Pods Resources */,
			);
			buildRules = (
			);
			dependencies = (
			);
			name = MyKTGG;
			packageProductDependencies = (
				6EB7A4F6245F5657004EF027 /* FacebookCore */,
				6EB7A4F8245F5657004EF027 /* FacebookLogin */,
			);
			productName = MyKTGG;
			productReference = 6E76256A2403F6C100C68C7F /* MyKTGG.app */;
			productType = "com.apple.product-type.application";
		};
/* End PBXNativeTarget section */

/* Begin PBXProject section */
		6E7625622403F6C100C68C7F /* Project object */ = {
			isa = PBXProject;
			attributes = {
				LastSwiftUpdateCheck = 1130;
				LastUpgradeCheck = 1130;
				ORGANIZATIONNAME = "Алексей Трушковский";
				TargetAttributes = {
					6E7625692403F6C100C68C7F = {
						CreatedOnToolsVersion = 11.3.1;
					};
				};
			};
			buildConfigurationList = 6E7625652403F6C100C68C7F /* Build configuration list for PBXProject "MyKTGG" */;
			compatibilityVersion = "Xcode 9.3";
			developmentRegion = en;
			hasScannedForEncodings = 0;
			knownRegions = (
				en,
				Base,
			);
			mainGroup = 6E7625612403F6C100C68C7F;
			packageReferences = (
				6EB7A4F5245F5657004EF027 /* XCRemoteSwiftPackageReference "facebook-ios-sdk" */,
			);
			productRefGroup = 6E76256B2403F6C100C68C7F /* Products */;
			projectDirPath = "";
			projectRoot = "";
			targets = (
				6E7625692403F6C100C68C7F /* MyKTGG */,
			);
		};
/* End PBXProject section */

/* Begin PBXResourcesBuildPhase section */
		6E7625682403F6C100C68C7F /* Resources */ = {
			isa = PBXResourcesBuildPhase;
			buildActionMask = 2147483647;
			files = (
				6ECC5AEA243E3728006E456A /* Main.storyboard in Resources */,
				6EE352532444CC68001C434F /* PickedPull.storyboard in Resources */,
				6E8D588224605BAE00384ADC /* SourceSansPro-Black.ttf in Resources */,
				6EB7A515245F66EA004EF027 /* .gitkeep in Resources */,
				6E8D588124605BAE00384ADC /* SourceSansPro-Light.ttf in Resources */,
				6E76257A2403F6C200C68C7F /* LaunchScreen.storyboard in Resources */,
				6E7625772403F6C200C68C7F /* Assets.xcassets in Resources */,
				6E8D587F24605BAE00384ADC /* SourceSansPro-Regular.ttf in Resources */,
				6E8D588324605BAE00384ADC /* SourceSansPro-ExtraLight.ttf in Resources */,
				6EB7A514245F66EA004EF027 /* DateViewCell.xib in Resources */,
				6EB7A521245F66EA004EF027 /* DateScrollPicker.xib in Resources */,
				6E8D588424605BAE00384ADC /* SourceSansPro-SemiBold.ttf in Resources */,
				6E8D588024605BAE00384ADC /* SourceSansPro-Bold.ttf in Resources */,
				6E76258C2403F87F00C68C7F /* GoogleService-Info.plist in Resources */,
			);
			runOnlyForDeploymentPostprocessing = 0;
		};
/* End PBXResourcesBuildPhase section */

/* Begin PBXShellScriptBuildPhase section */
		38BFB31FDAB52B426861A87A /* [CP] Check Pods Manifest.lock */ = {
			isa = PBXShellScriptBuildPhase;
			buildActionMask = 2147483647;
			files = (
			);
			inputFileListPaths = (
			);
			inputPaths = (
				"${PODS_PODFILE_DIR_PATH}/Podfile.lock",
				"${PODS_ROOT}/Manifest.lock",
			);
			name = "[CP] Check Pods Manifest.lock";
			outputFileListPaths = (
			);
			outputPaths = (
				"$(DERIVED_FILE_DIR)/Pods-MyKTGG-checkManifestLockResult.txt",
			);
			runOnlyForDeploymentPostprocessing = 0;
			shellPath = /bin/sh;
			shellScript = "diff \"${PODS_PODFILE_DIR_PATH}/Podfile.lock\" \"${PODS_ROOT}/Manifest.lock\" > /dev/null\nif [ $? != 0 ] ; then\n    # print error to STDERR\n    echo \"error: The sandbox is not in sync with the Podfile.lock. Run 'pod install' or update your CocoaPods installation.\" >&2\n    exit 1\nfi\n# This output is used by Xcode 'outputs' to avoid re-running this script phase.\necho \"SUCCESS\" > \"${SCRIPT_OUTPUT_FILE_0}\"\n";
			showEnvVarsInLog = 0;
		};
		E1195E92399AF3535BF0430F /* [CP] Copy Pods Resources */ = {
			isa = PBXShellScriptBuildPhase;
			buildActionMask = 2147483647;
			files = (
			);
			inputFileListPaths = (
				"${PODS_ROOT}/Target Support Files/Pods-MyKTGG/Pods-MyKTGG-resources-${CONFIGURATION}-input-files.xcfilelist",
			);
			name = "[CP] Copy Pods Resources";
			outputFileListPaths = (
				"${PODS_ROOT}/Target Support Files/Pods-MyKTGG/Pods-MyKTGG-resources-${CONFIGURATION}-output-files.xcfilelist",
			);
			runOnlyForDeploymentPostprocessing = 0;
			shellPath = /bin/sh;
			shellScript = "\"${PODS_ROOT}/Target Support Files/Pods-MyKTGG/Pods-MyKTGG-resources.sh\"\n";
			showEnvVarsInLog = 0;
		};
/* End PBXShellScriptBuildPhase section */

/* Begin PBXSourcesBuildPhase section */
		6E7625662403F6C100C68C7F /* Sources */ = {
			isa = PBXSourcesBuildPhase;
			buildActionMask = 2147483647;
			files = (
				6EB7A517245F66EA004EF027 /* Date+Format.swift in Sources */,
				6EE352562444CFCB001C434F /* PickedPullUpViewController.swift in Sources */,
				6E7625892403F87F00C68C7F /* ForgotPassViewController.swift in Sources */,
				6EB7A511245F66EA004EF027 /* DateViewCell.swift in Sources */,
				6EB7A51D245F66EA004EF027 /* DateScrollPicker.swift in Sources */,
				6E8D58862460643A00384ADC /* TimeTableCell.swift in Sources */,
				6EB7A519245F66EA004EF027 /* Date+Days.swift in Sources */,
				6E7CACB5240BC68E009C8B5F /* GroupChooseViewController.swift in Sources */,
				6EB7A51E245F66EA004EF027 /* DateInsertType.swift in Sources */,
				6E7625722403F6C100C68C7F /* MainViewController.swift in Sources */,
				6E76258E2403F87F00C68C7F /* AuthViewController.swift in Sources */,
				6EABD26C2464D142009CE27F /* UserEditorTableViewController.swift in Sources */,
				6E76256E2403F6C100C68C7F /* AppDelegate.swift in Sources */,
				6E8D588A2460750200384ADC /* ChangeModel.swift in Sources */,
				6EB7A516245F66EA004EF027 /* DateScrollItem.swift in Sources */,
				6E0679942443625B001FAE67 /* NewsCell.swift in Sources */,
				6EB7A51B245F66EA004EF027 /* UICollectionViewCell+Fade.swift in Sources */,
				6E7625702403F6C100C68C7F /* SceneDelegate.swift in Sources */,
				6E363334244A474700918364 /* NewsWebView.swift in Sources */,
				6EB7A51C245F66EA004EF027 /* DateScrollManager.swift in Sources */,
				6EB7A518245F66EA004EF027 /* UICollectionView+Fade.swift in Sources */,
				6E06799824436565001FAE67 /* NewsModel.swift in Sources */,
				6E067996244362E8001FAE67 /* NewsTableViewController.swift in Sources */,
				6EB7A520245F66EA004EF027 /* DateScrollPicker+Protocols.swift in Sources */,
				6ED9F420245C401100417F69 /* TimeTableViewController.swift in Sources */,
				6EB7A51F245F66EA004EF027 /* DateScrollPickerFormat.swift in Sources */,
				6E3633312447602300918364 /* SettingsViewController.swift in Sources */,
				6EABD26A2464C9CE009CE27F /* Defaults.swift in Sources */,
				6EABD26E2464E78D009CE27F /* AvatarMethods.swift in Sources */,
				6EB7A51A245F66EA004EF027 /* UIView+Nib.swift in Sources */,
				6E8D5888246074F100384ADC /* TimeTableModel.swift in Sources */,
			);
			runOnlyForDeploymentPostprocessing = 0;
		};
/* End PBXSourcesBuildPhase section */

/* Begin PBXVariantGroup section */
		6E7625782403F6C200C68C7F /* LaunchScreen.storyboard */ = {
			isa = PBXVariantGroup;
			children = (
				6E7625792403F6C200C68C7F /* Base */,
			);
			name = LaunchScreen.storyboard;
			sourceTree = "<group>";
		};
/* End PBXVariantGroup section */

/* Begin XCBuildConfiguration section */
		6E76257C2403F6C200C68C7F /* Debug */ = {
			isa = XCBuildConfiguration;
			buildSettings = {
				ALWAYS_SEARCH_USER_PATHS = NO;
				CLANG_ANALYZER_NONNULL = YES;
				CLANG_ANALYZER_NUMBER_OBJECT_CONVERSION = YES_AGGRESSIVE;
				CLANG_CXX_LANGUAGE_STANDARD = "gnu++14";
				CLANG_CXX_LIBRARY = "libc++";
				CLANG_ENABLE_MODULES = YES;
				CLANG_ENABLE_OBJC_ARC = YES;
				CLANG_ENABLE_OBJC_WEAK = YES;
				CLANG_WARN_BLOCK_CAPTURE_AUTORELEASING = YES;
				CLANG_WARN_BOOL_CONVERSION = YES;
				CLANG_WARN_COMMA = YES;
				CLANG_WARN_CONSTANT_CONVERSION = YES;
				CLANG_WARN_DEPRECATED_OBJC_IMPLEMENTATIONS = YES;
				CLANG_WARN_DIRECT_OBJC_ISA_USAGE = YES_ERROR;
				CLANG_WARN_DOCUMENTATION_COMMENTS = YES;
				CLANG_WARN_EMPTY_BODY = YES;
				CLANG_WARN_ENUM_CONVERSION = YES;
				CLANG_WARN_INFINITE_RECURSION = YES;
				CLANG_WARN_INT_CONVERSION = YES;
				CLANG_WARN_NON_LITERAL_NULL_CONVERSION = YES;
				CLANG_WARN_OBJC_IMPLICIT_RETAIN_SELF = YES;
				CLANG_WARN_OBJC_LITERAL_CONVERSION = YES;
				CLANG_WARN_OBJC_ROOT_CLASS = YES_ERROR;
				CLANG_WARN_RANGE_LOOP_ANALYSIS = YES;
				CLANG_WARN_STRICT_PROTOTYPES = YES;
				CLANG_WARN_SUSPICIOUS_MOVE = YES;
				CLANG_WARN_UNGUARDED_AVAILABILITY = YES_AGGRESSIVE;
				CLANG_WARN_UNREACHABLE_CODE = YES;
				CLANG_WARN__DUPLICATE_METHOD_MATCH = YES;
				COPY_PHASE_STRIP = NO;
				DEBUG_INFORMATION_FORMAT = dwarf;
				ENABLE_STRICT_OBJC_MSGSEND = YES;
				ENABLE_TESTABILITY = YES;
				GCC_C_LANGUAGE_STANDARD = gnu11;
				GCC_DYNAMIC_NO_PIC = NO;
				GCC_NO_COMMON_BLOCKS = YES;
				GCC_OPTIMIZATION_LEVEL = 0;
				GCC_PREPROCESSOR_DEFINITIONS = (
					"DEBUG=1",
					"$(inherited)",
				);
				GCC_WARN_64_TO_32_BIT_CONVERSION = YES;
				GCC_WARN_ABOUT_RETURN_TYPE = YES_ERROR;
				GCC_WARN_UNDECLARED_SELECTOR = YES;
				GCC_WARN_UNINITIALIZED_AUTOS = YES_AGGRESSIVE;
				GCC_WARN_UNUSED_FUNCTION = YES;
				GCC_WARN_UNUSED_VARIABLE = YES;
				IPHONEOS_DEPLOYMENT_TARGET = 12.0;
				MTL_ENABLE_DEBUG_INFO = INCLUDE_SOURCE;
				MTL_FAST_MATH = YES;
				ONLY_ACTIVE_ARCH = YES;
				SDKROOT = iphoneos;
				SWIFT_ACTIVE_COMPILATION_CONDITIONS = DEBUG;
				SWIFT_OPTIMIZATION_LEVEL = "-Onone";
			};
			name = Debug;
		};
		6E76257D2403F6C200C68C7F /* Release */ = {
			isa = XCBuildConfiguration;
			buildSettings = {
				ALWAYS_SEARCH_USER_PATHS = NO;
				CLANG_ANALYZER_NONNULL = YES;
				CLANG_ANALYZER_NUMBER_OBJECT_CONVERSION = YES_AGGRESSIVE;
				CLANG_CXX_LANGUAGE_STANDARD = "gnu++14";
				CLANG_CXX_LIBRARY = "libc++";
				CLANG_ENABLE_MODULES = YES;
				CLANG_ENABLE_OBJC_ARC = YES;
				CLANG_ENABLE_OBJC_WEAK = YES;
				CLANG_WARN_BLOCK_CAPTURE_AUTORELEASING = YES;
				CLANG_WARN_BOOL_CONVERSION = YES;
				CLANG_WARN_COMMA = YES;
				CLANG_WARN_CONSTANT_CONVERSION = YES;
				CLANG_WARN_DEPRECATED_OBJC_IMPLEMENTATIONS = YES;
				CLANG_WARN_DIRECT_OBJC_ISA_USAGE = YES_ERROR;
				CLANG_WARN_DOCUMENTATION_COMMENTS = YES;
				CLANG_WARN_EMPTY_BODY = YES;
				CLANG_WARN_ENUM_CONVERSION = YES;
				CLANG_WARN_INFINITE_RECURSION = YES;
				CLANG_WARN_INT_CONVERSION = YES;
				CLANG_WARN_NON_LITERAL_NULL_CONVERSION = YES;
				CLANG_WARN_OBJC_IMPLICIT_RETAIN_SELF = YES;
				CLANG_WARN_OBJC_LITERAL_CONVERSION = YES;
				CLANG_WARN_OBJC_ROOT_CLASS = YES_ERROR;
				CLANG_WARN_RANGE_LOOP_ANALYSIS = YES;
				CLANG_WARN_STRICT_PROTOTYPES = YES;
				CLANG_WARN_SUSPICIOUS_MOVE = YES;
				CLANG_WARN_UNGUARDED_AVAILABILITY = YES_AGGRESSIVE;
				CLANG_WARN_UNREACHABLE_CODE = YES;
				CLANG_WARN__DUPLICATE_METHOD_MATCH = YES;
				COPY_PHASE_STRIP = NO;
				DEBUG_INFORMATION_FORMAT = "dwarf-with-dsym";
				ENABLE_NS_ASSERTIONS = NO;
				ENABLE_STRICT_OBJC_MSGSEND = YES;
				GCC_C_LANGUAGE_STANDARD = gnu11;
				GCC_NO_COMMON_BLOCKS = YES;
				GCC_WARN_64_TO_32_BIT_CONVERSION = YES;
				GCC_WARN_ABOUT_RETURN_TYPE = YES_ERROR;
				GCC_WARN_UNDECLARED_SELECTOR = YES;
				GCC_WARN_UNINITIALIZED_AUTOS = YES_AGGRESSIVE;
				GCC_WARN_UNUSED_FUNCTION = YES;
				GCC_WARN_UNUSED_VARIABLE = YES;
				IPHONEOS_DEPLOYMENT_TARGET = 12.0;
				MTL_ENABLE_DEBUG_INFO = NO;
				MTL_FAST_MATH = YES;
				SDKROOT = iphoneos;
				SWIFT_COMPILATION_MODE = wholemodule;
				SWIFT_OPTIMIZATION_LEVEL = "-O";
				VALIDATE_PRODUCT = YES;
			};
			name = Release;
		};
		6E76257F2403F6C200C68C7F /* Debug */ = {
			isa = XCBuildConfiguration;
			baseConfigurationReference = 5CCBD5B577F97DDB9C1A7E58 /* Pods-MyKTGG.debug.xcconfig */;
			buildSettings = {
				ASSETCATALOG_COMPILER_APPICON_NAME = AppIcon;
				CODE_SIGN_STYLE = Automatic;
				DEVELOPMENT_TEAM = 5DUHPBR64U;
				INFOPLIST_FILE = "$(SRCROOT)/MyKTGG/Helpers/Info.plist";
				IPHONEOS_DEPLOYMENT_TARGET = 12.0;
				LD_RUNPATH_SEARCH_PATHS = (
					"$(inherited)",
					"@executable_path/Frameworks",
				);
				PRODUCT_BUNDLE_IDENTIFIER = AlexTrushkovsky.MyKTGG;
				PRODUCT_NAME = "$(TARGET_NAME)";
				SWIFT_VERSION = 5.0;
				TARGETED_DEVICE_FAMILY = 1;
			};
			name = Debug;
		};
		6E7625802403F6C200C68C7F /* Release */ = {
			isa = XCBuildConfiguration;
			baseConfigurationReference = E2BEDDF09D0C4FE8D5903032 /* Pods-MyKTGG.release.xcconfig */;
			buildSettings = {
				ASSETCATALOG_COMPILER_APPICON_NAME = AppIcon;
				CODE_SIGN_STYLE = Automatic;
				DEVELOPMENT_TEAM = 5DUHPBR64U;
				INFOPLIST_FILE = "$(SRCROOT)/MyKTGG/Helpers/Info.plist";
				IPHONEOS_DEPLOYMENT_TARGET = 12.0;
				LD_RUNPATH_SEARCH_PATHS = (
					"$(inherited)",
					"@executable_path/Frameworks",
				);
				PRODUCT_BUNDLE_IDENTIFIER = AlexTrushkovsky.MyKTGG;
				PRODUCT_NAME = "$(TARGET_NAME)";
				SWIFT_VERSION = 5.0;
				TARGETED_DEVICE_FAMILY = 1;
			};
			name = Release;
		};
/* End XCBuildConfiguration section */

/* Begin XCConfigurationList section */
		6E7625652403F6C100C68C7F /* Build configuration list for PBXProject "MyKTGG" */ = {
			isa = XCConfigurationList;
			buildConfigurations = (
				6E76257C2403F6C200C68C7F /* Debug */,
				6E76257D2403F6C200C68C7F /* Release */,
			);
			defaultConfigurationIsVisible = 0;
			defaultConfigurationName = Release;
		};
		6E76257E2403F6C200C68C7F /* Build configuration list for PBXNativeTarget "MyKTGG" */ = {
			isa = XCConfigurationList;
			buildConfigurations = (
				6E76257F2403F6C200C68C7F /* Debug */,
				6E7625802403F6C200C68C7F /* Release */,
			);
			defaultConfigurationIsVisible = 0;
			defaultConfigurationName = Release;
		};
/* End XCConfigurationList section */

/* Begin XCRemoteSwiftPackageReference section */
		6EB7A4F5245F5657004EF027 /* XCRemoteSwiftPackageReference "facebook-ios-sdk" */ = {
			isa = XCRemoteSwiftPackageReference;
			repositoryURL = "https://github.com/facebook/facebook-ios-sdk";
			requirement = {
				kind = upToNextMajorVersion;
				minimumVersion = 6.5.2;
			};
		};
/* End XCRemoteSwiftPackageReference section */

/* Begin XCSwiftPackageProductDependency section */
		6EB7A4F6245F5657004EF027 /* FacebookCore */ = {
			isa = XCSwiftPackageProductDependency;
			package = 6EB7A4F5245F5657004EF027 /* XCRemoteSwiftPackageReference "facebook-ios-sdk" */;
			productName = FacebookCore;
		};
		6EB7A4F8245F5657004EF027 /* FacebookLogin */ = {
			isa = XCSwiftPackageProductDependency;
			package = 6EB7A4F5245F5657004EF027 /* XCRemoteSwiftPackageReference "facebook-ios-sdk" */;
			productName = FacebookLogin;
		};
/* End XCSwiftPackageProductDependency section */
	};
	rootObject = 6E7625622403F6C100C68C7F /* Project object */;
}
